
Microsoft Visual Studio Solution File, Format Version 12.00
# Visual Studio Version 16
VisualStudioVersion = 16.0.32002.261
MinimumVisualStudioVersion = 10.0.40219.1
Project("{FAE04EC0-301F-11D3-BF4B-00C04F79EFBC}") = "Task1", "Task1\Task1.csproj", "{874C381C-D84F-4673-BDFC-97CA9D22ED24}"
EndProject
Global
	GlobalSection(SolutionConfigurationPlatforms) = preSolution
		Debug|Any CPU = Debug|Any CPU
		Release|Any CPU = Release|Any CPU
	EndGlobalSection
	GlobalSection(ProjectConfigurationPlatforms) = postSolution
		{874C381C-D84F-4673-BDFC-97CA9D22ED24}.Debug|Any CPU.ActiveCfg = Debug|Any CPU
		{874C381C-D84F-4673-BDFC-97CA9D22ED24}.Debug|Any CPU.Build.0 = Debug|Any CPU
		{874C381C-D84F-4673-BDFC-97CA9D22ED24}.Release|Any CPU.ActiveCfg = Release|Any CPU
		{874C381C-D84F-4673-BDFC-97CA9D22ED24}.Release|Any CPU.Build.0 = Release|Any CPU
	EndGlobalSection
	GlobalSection(SolutionProperties) = preSolution
		HideSolutionNode = FALSE
	EndGlobalSection
	GlobalSection(ExtensibilityGlobals) = postSolution
		SolutionGuid = {934D7007-AC26-46DE-B107-46F13E6B8850}
	EndGlobalSection
EndGlobal
