
Microsoft Visual Studio Solution File, Format Version 12.00
# Visual Studio Version 16
VisualStudioVersion = 16.0.32002.261
MinimumVisualStudioVersion = 10.0.40219.1
Project("{FAE04EC0-301F-11D3-BF4B-00C04F79EFBC}") = "PractWork20", "PractWork20\PractWork20.csproj", "{27CDCBCB-A930-44A1-BF4A-49425FDB33F2}"
EndProject
Global
	GlobalSection(SolutionConfigurationPlatforms) = preSolution
		Debug|Any CPU = Debug|Any CPU
		Release|Any CPU = Release|Any CPU
	EndGlobalSection
	GlobalSection(ProjectConfigurationPlatforms) = postSolution
		{27CDCBCB-A930-44A1-BF4A-49425FDB33F2}.Debug|Any CPU.ActiveCfg = Debug|Any CPU
		{27CDCBCB-A930-44A1-BF4A-49425FDB33F2}.Debug|Any CPU.Build.0 = Debug|Any CPU
		{27CDCBCB-A930-44A1-BF4A-49425FDB33F2}.Release|Any CPU.ActiveCfg = Release|Any CPU
		{27CDCBCB-A930-44A1-BF4A-49425FDB33F2}.Release|Any CPU.Build.0 = Release|Any CPU
	EndGlobalSection
	GlobalSection(SolutionProperties) = preSolution
		HideSolutionNode = FALSE
	EndGlobalSection
	GlobalSection(ExtensibilityGlobals) = postSolution
		SolutionGuid = {170A0F18-83EC-4CE1-AE10-B64D3BDB2BEA}
	EndGlobalSection
EndGlobal
