
Microsoft Visual Studio Solution File, Format Version 12.00
# Visual Studio Version 16
VisualStudioVersion = 16.0.32002.261
MinimumVisualStudioVersion = 10.0.40219.1
Project("{FAE04EC0-301F-11D3-BF4B-00C04F79EFBC}") = "PractWork2", "PractWork2\PractWork2.csproj", "{C15C6463-3627-4C2C-88FC-B4A6CE0FD058}"
EndProject
Project("{FAE04EC0-301F-11D3-BF4B-00C04F79EFBC}") = "PractWork2Tests", "PractWork2Tests\PractWork2Tests.csproj", "{CC9A9A0C-66DC-4354-BF32-1E86AEACCA69}"
EndProject
Global
	GlobalSection(SolutionConfigurationPlatforms) = preSolution
		Debug|Any CPU = Debug|Any CPU
		Release|Any CPU = Release|Any CPU
	EndGlobalSection
	GlobalSection(ProjectConfigurationPlatforms) = postSolution
		{C15C6463-3627-4C2C-88FC-B4A6CE0FD058}.Debug|Any CPU.ActiveCfg = Debug|Any CPU
		{C15C6463-3627-4C2C-88FC-B4A6CE0FD058}.Debug|Any CPU.Build.0 = Debug|Any CPU
		{C15C6463-3627-4C2C-88FC-B4A6CE0FD058}.Release|Any CPU.ActiveCfg = Release|Any CPU
		{C15C6463-3627-4C2C-88FC-B4A6CE0FD058}.Release|Any CPU.Build.0 = Release|Any CPU
		{CC9A9A0C-66DC-4354-BF32-1E86AEACCA69}.Debug|Any CPU.ActiveCfg = Debug|Any CPU
		{CC9A9A0C-66DC-4354-BF32-1E86AEACCA69}.Debug|Any CPU.Build.0 = Debug|Any CPU
		{CC9A9A0C-66DC-4354-BF32-1E86AEACCA69}.Release|Any CPU.ActiveCfg = Release|Any CPU
		{CC9A9A0C-66DC-4354-BF32-1E86AEACCA69}.Release|Any CPU.Build.0 = Release|Any CPU
	EndGlobalSection
	GlobalSection(SolutionProperties) = preSolution
		HideSolutionNode = FALSE
	EndGlobalSection
	GlobalSection(ExtensibilityGlobals) = postSolution
		SolutionGuid = {7181B081-17D7-4CB0-ABA2-A497C0C4790E}
	EndGlobalSection
EndGlobal
