
Microsoft Visual Studio Solution File, Format Version 12.00
# Visual Studio Version 16
VisualStudioVersion = 16.0.30503.244
MinimumVisualStudioVersion = 10.0.40219.1
Project("{FAE04EC0-301F-11D3-BF4B-00C04F79EFBC}") = "PractWork3", "PractWork3\PractWork3.csproj", "{A5D3359D-1806-4456-A8CB-DCBB0E3589D1}"
EndProject
Project("{FAE04EC0-301F-11D3-BF4B-00C04F79EFBC}") = "PractWork3Tests", "PractWork3Tests\PractWork3Tests.csproj", "{BB99CB9F-E274-4679-B97D-BA45FA85F1A4}"
EndProject
Global
	GlobalSection(SolutionConfigurationPlatforms) = preSolution
		Debug|Any CPU = Debug|Any CPU
		Release|Any CPU = Release|Any CPU
	EndGlobalSection
	GlobalSection(ProjectConfigurationPlatforms) = postSolution
		{A5D3359D-1806-4456-A8CB-DCBB0E3589D1}.Debug|Any CPU.ActiveCfg = Debug|Any CPU
		{A5D3359D-1806-4456-A8CB-DCBB0E3589D1}.Debug|Any CPU.Build.0 = Debug|Any CPU
		{A5D3359D-1806-4456-A8CB-DCBB0E3589D1}.Release|Any CPU.ActiveCfg = Release|Any CPU
		{A5D3359D-1806-4456-A8CB-DCBB0E3589D1}.Release|Any CPU.Build.0 = Release|Any CPU
		{BB99CB9F-E274-4679-B97D-BA45FA85F1A4}.Debug|Any CPU.ActiveCfg = Debug|Any CPU
		{BB99CB9F-E274-4679-B97D-BA45FA85F1A4}.Debug|Any CPU.Build.0 = Debug|Any CPU
		{BB99CB9F-E274-4679-B97D-BA45FA85F1A4}.Release|Any CPU.ActiveCfg = Release|Any CPU
		{BB99CB9F-E274-4679-B97D-BA45FA85F1A4}.Release|Any CPU.Build.0 = Release|Any CPU
	EndGlobalSection
	GlobalSection(SolutionProperties) = preSolution
		HideSolutionNode = FALSE
	EndGlobalSection
	GlobalSection(ExtensibilityGlobals) = postSolution
		SolutionGuid = {A3C4C586-0C38-493A-8207-4FCD04B48481}
	EndGlobalSection
EndGlobal
