
Microsoft Visual Studio Solution File, Format Version 12.00
# Visual Studio Version 16
VisualStudioVersion = 16.0.32002.261
MinimumVisualStudioVersion = 10.0.40219.1
Project("{FAE04EC0-301F-11D3-BF4B-00C04F79EFBC}") = "Task1", "Task1\Task1.csproj", "{D43CA437-3182-44B9-A2A1-953B642212AD}"
EndProject
Global
	GlobalSection(SolutionConfigurationPlatforms) = preSolution
		Debug|Any CPU = Debug|Any CPU
		Release|Any CPU = Release|Any CPU
	EndGlobalSection
	GlobalSection(ProjectConfigurationPlatforms) = postSolution
		{D43CA437-3182-44B9-A2A1-953B642212AD}.Debug|Any CPU.ActiveCfg = Debug|Any CPU
		{D43CA437-3182-44B9-A2A1-953B642212AD}.Debug|Any CPU.Build.0 = Debug|Any CPU
		{D43CA437-3182-44B9-A2A1-953B642212AD}.Release|Any CPU.ActiveCfg = Release|Any CPU
		{D43CA437-3182-44B9-A2A1-953B642212AD}.Release|Any CPU.Build.0 = Release|Any CPU
	EndGlobalSection
	GlobalSection(SolutionProperties) = preSolution
		HideSolutionNode = FALSE
	EndGlobalSection
	GlobalSection(ExtensibilityGlobals) = postSolution
		SolutionGuid = {274FAD77-EAB0-4AFE-8A06-BBCF3FB5F389}
	EndGlobalSection
EndGlobal
