
Microsoft Visual Studio Solution File, Format Version 12.00
# Visual Studio Version 16
VisualStudioVersion = 16.0.32002.261
MinimumVisualStudioVersion = 10.0.40219.1
Project("{FAE04EC0-301F-11D3-BF4B-00C04F79EFBC}") = "Task1", "Task1\Task1.csproj", "{4CFBCD62-8C62-4FDC-B717-8007374B63FE}"
EndProject
Project("{FAE04EC0-301F-11D3-BF4B-00C04F79EFBC}") = "Task5", "Task5\Task5.csproj", "{11DA28A8-4765-413A-9088-59DA18C19868}"
EndProject
Global
	GlobalSection(SolutionConfigurationPlatforms) = preSolution
		Debug|Any CPU = Debug|Any CPU
		Release|Any CPU = Release|Any CPU
	EndGlobalSection
	GlobalSection(ProjectConfigurationPlatforms) = postSolution
		{4CFBCD62-8C62-4FDC-B717-8007374B63FE}.Debug|Any CPU.ActiveCfg = Debug|Any CPU
		{4CFBCD62-8C62-4FDC-B717-8007374B63FE}.Debug|Any CPU.Build.0 = Debug|Any CPU
		{4CFBCD62-8C62-4FDC-B717-8007374B63FE}.Release|Any CPU.ActiveCfg = Release|Any CPU
		{4CFBCD62-8C62-4FDC-B717-8007374B63FE}.Release|Any CPU.Build.0 = Release|Any CPU
		{11DA28A8-4765-413A-9088-59DA18C19868}.Debug|Any CPU.ActiveCfg = Debug|Any CPU
		{11DA28A8-4765-413A-9088-59DA18C19868}.Debug|Any CPU.Build.0 = Debug|Any CPU
		{11DA28A8-4765-413A-9088-59DA18C19868}.Release|Any CPU.ActiveCfg = Release|Any CPU
		{11DA28A8-4765-413A-9088-59DA18C19868}.Release|Any CPU.Build.0 = Release|Any CPU
	EndGlobalSection
	GlobalSection(SolutionProperties) = preSolution
		HideSolutionNode = FALSE
	EndGlobalSection
	GlobalSection(ExtensibilityGlobals) = postSolution
		SolutionGuid = {4C86567A-8356-473E-8C81-FAF4925B7F9C}
	EndGlobalSection
EndGlobal
